Microsoft Visual Studio Solution File, Format Version 9.00
# Visual Studio 2005
Project("{F184B08F-C81C-45F6-A57F-5ABD9991F28F}") = "E586", "E586\E586.vbproj", "{319D6A72-C7A2-4F17-82E7-F82B2F203599}"
EndProject
Global
	GlobalSection(SolutionConfigurationPlatforms) = preSolution
		Debug|Any CPU = Debug|Any CPU
		Release|Any CPU = Release|Any CPU
	EndGlobalSection
	GlobalSection(ProjectConfigurationPlatforms) = postSolution
		{319D6A72-C7A2-4F17-82E7-F82B2F203599}.Debug|Any CPU.ActiveCfg = Debug|Any CPU
		{319D6A72-C7A2-4F17-82E7-F82B2F203599}.Debug|Any CPU.Build.0 = Debug|Any CPU
		{319D6A72-C7A2-4F17-82E7-F82B2F203599}.Release|Any CPU.ActiveCfg = Release|Any CPU
		{319D6A72-C7A2-4F17-82E7-F82B2F203599}.Release|Any CPU.Build.0 = Release|Any CPU
	EndGlobalSection
	GlobalSection(SolutionProperties) = preSolution
		HideSolutionNode = FALSE
	EndGlobalSection
EndGlobal
